
Microsoft Visual Studio Solution File, Format Version 12.00
# Visual Studio 15
Project("{2150E333-8FDC-42A3-9474-1A3956D46DE8}") = "src", "src", "{AD175B66-5236-4BC1-B56F-E92B2B5161D8}"
EndProject
Project("{2150E333-8FDC-42A3-9474-1A3956D46DE8}") = "tests", "tests", "{8AE493C3-8156-4653-94E9-E8DE771C607C}"
EndProject
Project("{2150E333-8FDC-42A3-9474-1A3956D46DE8}") = "Core", "Core", "{BFB95E61-6E72-4506-88C1-CE471C4150C0}"
EndProject
Project("{2150E333-8FDC-42A3-9474-1A3956D46DE8}") = "Infrastructure", "Infrastructure", "{ED74ABE1-AC1C-4421-9F71-327E96A6B0C0}"
EndProject
Project("{2150E333-8FDC-42A3-9474-1A3956D46DE8}") = "Presentation", "Presentation", "{09833233-1CAB-4555-974F-2F48B1654C35}"
EndProject
Project("{FAE04EC0-301F-11D3-BF4B-00C04F79EFBC}") = "Application", "src\Core\Application\Application.csproj", "{C5BA5C3B-146B-45C8-BDC4-C6C57DA3C1BE}"
EndProject
Project("{FAE04EC0-301F-11D3-BF4B-00C04F79EFBC}") = "Domain", "src\Core\Domain\Domain.csproj", "{3CFDD2B3-8AAE-46EB-9048-E2CF848BCCD1}"
EndProject
Project("{FAE04EC0-301F-11D3-BF4B-00C04F79EFBC}") = "Common", "src\Core\Common\Common.csproj", "{D6CE7F0B-F00F-472A-B29F-DB73CC2AE3C4}"
EndProject
Project("{FAE04EC0-301F-11D3-BF4B-00C04F79EFBC}") = "Infrastructure", "src\Infrastructure\Infrastructure\Infrastructure.csproj", "{A12B1F1D-FC3E-4292-8E1E-CC2CB58F45E8}"
EndProject
Project("{FAE04EC0-301F-11D3-BF4B-00C04F79EFBC}") = "Persistence", "src\Infrastructure\Persistence\Persistence.csproj", "{A99E2E21-28A8-4677-8964-0A7DBF99932F}"
EndProject
Project("{FAE04EC0-301F-11D3-BF4B-00C04F79EFBC}") = "WebAPI", "src\Presentation\WebAPI\WebAPI.csproj", "{841CA2BE-35C8-467D-B489-2B419C971470}"
EndProject
Project("{FAE04EC0-301F-11D3-BF4B-00C04F79EFBC}") = "WebUI", "src\Presentation\WebUI\WebUI.csproj", "{A91D59FB-A802-4CA4-94AC-54CC2C11484A}"
EndProject
Global
	GlobalSection(SolutionConfigurationPlatforms) = preSolution
		Debug|Any CPU = Debug|Any CPU
		Release|Any CPU = Release|Any CPU
	EndGlobalSection
	GlobalSection(ProjectConfigurationPlatforms) = postSolution
		{C5BA5C3B-146B-45C8-BDC4-C6C57DA3C1BE}.Debug|Any CPU.ActiveCfg = Debug|Any CPU
		{C5BA5C3B-146B-45C8-BDC4-C6C57DA3C1BE}.Debug|Any CPU.Build.0 = Debug|Any CPU
		{C5BA5C3B-146B-45C8-BDC4-C6C57DA3C1BE}.Release|Any CPU.ActiveCfg = Release|Any CPU
		{C5BA5C3B-146B-45C8-BDC4-C6C57DA3C1BE}.Release|Any CPU.Build.0 = Release|Any CPU
		{3CFDD2B3-8AAE-46EB-9048-E2CF848BCCD1}.Debug|Any CPU.ActiveCfg = Debug|Any CPU
		{3CFDD2B3-8AAE-46EB-9048-E2CF848BCCD1}.Debug|Any CPU.Build.0 = Debug|Any CPU
		{3CFDD2B3-8AAE-46EB-9048-E2CF848BCCD1}.Release|Any CPU.ActiveCfg = Release|Any CPU
		{3CFDD2B3-8AAE-46EB-9048-E2CF848BCCD1}.Release|Any CPU.Build.0 = Release|Any CPU
		{D6CE7F0B-F00F-472A-B29F-DB73CC2AE3C4}.Debug|Any CPU.ActiveCfg = Debug|Any CPU
		{D6CE7F0B-F00F-472A-B29F-DB73CC2AE3C4}.Debug|Any CPU.Build.0 = Debug|Any CPU
		{D6CE7F0B-F00F-472A-B29F-DB73CC2AE3C4}.Release|Any CPU.ActiveCfg = Release|Any CPU
		{D6CE7F0B-F00F-472A-B29F-DB73CC2AE3C4}.Release|Any CPU.Build.0 = Release|Any CPU
		{A12B1F1D-FC3E-4292-8E1E-CC2CB58F45E8}.Debug|Any CPU.ActiveCfg = Debug|Any CPU
		{A12B1F1D-FC3E-4292-8E1E-CC2CB58F45E8}.Debug|Any CPU.Build.0 = Debug|Any CPU
		{A12B1F1D-FC3E-4292-8E1E-CC2CB58F45E8}.Release|Any CPU.ActiveCfg = Release|Any CPU
		{A12B1F1D-FC3E-4292-8E1E-CC2CB58F45E8}.Release|Any CPU.Build.0 = Release|Any CPU
		{A99E2E21-28A8-4677-8964-0A7DBF99932F}.Debug|Any CPU.ActiveCfg = Debug|Any CPU
		{A99E2E21-28A8-4677-8964-0A7DBF99932F}.Debug|Any CPU.Build.0 = Debug|Any CPU
		{A99E2E21-28A8-4677-8964-0A7DBF99932F}.Release|Any CPU.ActiveCfg = Release|Any CPU
		{A99E2E21-28A8-4677-8964-0A7DBF99932F}.Release|Any CPU.Build.0 = Release|Any CPU
		{841CA2BE-35C8-467D-B489-2B419C971470}.Debug|Any CPU.ActiveCfg = Debug|Any CPU
		{841CA2BE-35C8-467D-B489-2B419C971470}.Debug|Any CPU.Build.0 = Debug|Any CPU
		{841CA2BE-35C8-467D-B489-2B419C971470}.Release|Any CPU.ActiveCfg = Release|Any CPU
		{841CA2BE-35C8-467D-B489-2B419C971470}.Release|Any CPU.Build.0 = Release|Any CPU
		{A91D59FB-A802-4CA4-94AC-54CC2C11484A}.Debug|Any CPU.ActiveCfg = Debug|Any CPU
		{A91D59FB-A802-4CA4-94AC-54CC2C11484A}.Debug|Any CPU.Build.0 = Debug|Any CPU
		{A91D59FB-A802-4CA4-94AC-54CC2C11484A}.Release|Any CPU.ActiveCfg = Release|Any CPU
		{A91D59FB-A802-4CA4-94AC-54CC2C11484A}.Release|Any CPU.Build.0 = Release|Any CPU
	EndGlobalSection
	GlobalSection(NestedProjects) = preSolution
		{BFB95E61-6E72-4506-88C1-CE471C4150C0} = {AD175B66-5236-4BC1-B56F-E92B2B5161D8}
		{ED74ABE1-AC1C-4421-9F71-327E96A6B0C0} = {AD175B66-5236-4BC1-B56F-E92B2B5161D8}
		{09833233-1CAB-4555-974F-2F48B1654C35} = {AD175B66-5236-4BC1-B56F-E92B2B5161D8}
		{C5BA5C3B-146B-45C8-BDC4-C6C57DA3C1BE} = {BFB95E61-6E72-4506-88C1-CE471C4150C0}
		{3CFDD2B3-8AAE-46EB-9048-E2CF848BCCD1} = {BFB95E61-6E72-4506-88C1-CE471C4150C0}
		{D6CE7F0B-F00F-472A-B29F-DB73CC2AE3C4} = {BFB95E61-6E72-4506-88C1-CE471C4150C0}
		{A12B1F1D-FC3E-4292-8E1E-CC2CB58F45E8} = {ED74ABE1-AC1C-4421-9F71-327E96A6B0C0}
		{A99E2E21-28A8-4677-8964-0A7DBF99932F} = {ED74ABE1-AC1C-4421-9F71-327E96A6B0C0}
		{841CA2BE-35C8-467D-B489-2B419C971470} = {09833233-1CAB-4555-974F-2F48B1654C35}
		{A91D59FB-A802-4CA4-94AC-54CC2C11484A} = {09833233-1CAB-4555-974F-2F48B1654C35}
	EndGlobalSection
EndGlobal
